// !$*UTF8*$!
{
	archiveVersion = 1;
	classes = {
	};
	objectVersion = 48;
	objects = {

/* Begin PBXBuildFile section */
		2954775A2071D4C30076A37C /* FormSingleTableViewCell.m in Sources */ = {isa = PBXBuildFile; fileRef = 295477592071D4C30076A37C /* FormSingleTableViewCell.m */; };
		2954775D2071D4DC0076A37C /* FormDoubleTableViewCell.m in Sources */ = {isa = PBXBuildFile; fileRef = 2954775C2071D4DC0076A37C /* FormDoubleTableViewCell.m */; };
		29780B032042B7A500A46348 /* AppDelegate.m in Sources */ = {isa = PBXBuildFile; fileRef = 29780B022042B7A500A46348 /* AppDelegate.m */; };
		29780B062042B7A500A46348 /* ViewController.m in Sources */ = {isa = PBXBuildFile; fileRef = 29780B052042B7A500A46348 /* ViewController.m */; };
		29780B092042B7A500A46348 /* Main.storyboard in Resources */ = {isa = PBXBuildFile; fileRef = 29780B072042B7A500A46348 /* Main.storyboard */; };
		29780B0B2042B7A500A46348 /* Assets.xcassets in Resources */ = {isa = PBXBuildFile; fileRef = 29780B0A2042B7A500A46348 /* Assets.xcassets */; };
		29780B0E2042B7A500A46348 /* LaunchScreen.storyboard in Resources */ = {isa = PBXBuildFile; fileRef = 29780B0C2042B7A500A46348 /* LaunchScreen.storyboard */; };
		29780B112042B7A500A46348 /* main.m in Sources */ = {isa = PBXBuildFile; fileRef = 29780B102042B7A500A46348 /* main.m */; };
		29780B1B2042B7A500A46348 /* ProcessFormDemoTests.m in Sources */ = {isa = PBXBuildFile; fileRef = 29780B1A2042B7A500A46348 /* ProcessFormDemoTests.m */; };
		29780B262042B7A500A46348 /* ProcessFormDemoUITests.m in Sources */ = {isa = PBXBuildFile; fileRef = 29780B252042B7A500A46348 /* ProcessFormDemoUITests.m */; };
		29780B382042B85F00A46348 /* DetailLabelView.m in Sources */ = {isa = PBXBuildFile; fileRef = 29780B372042B85F00A46348 /* DetailLabelView.m */; };
		297A5AC820467FC500FC322E /* FromTableView.m in Sources */ = {isa = PBXBuildFile; fileRef = 297A5AC720467FC500FC322E /* FromTableView.m */; };
		297A5ADB20479BDA00FC322E /* json.json in Resources */ = {isa = PBXBuildFile; fileRef = 297A5AD920479BD900FC322E /* json.json */; };
		297A5ADC20479BDA00FC322E /* processJson.json in Resources */ = {isa = PBXBuildFile; fileRef = 297A5ADA20479BD900FC322E /* processJson.json */; };
		297A5AE020479DA300FC322E /* BaseEntity.m in Sources */ = {isa = PBXBuildFile; fileRef = 297A5ADF20479DA300FC322E /* BaseEntity.m */; };
		297A5AE32047A00000FC322E /* ProcessModel.m in Sources */ = {isa = PBXBuildFile; fileRef = 297A5AE22047A00000FC322E /* ProcessModel.m */; };
		297A5AE62047A0B000FC322E /* ProcUserModel.m in Sources */ = {isa = PBXBuildFile; fileRef = 297A5AE52047A0B000FC322E /* ProcUserModel.m */; };
		297A5AE92047A1B300FC322E /* ProcActModel.m in Sources */ = {isa = PBXBuildFile; fileRef = 297A5AE82047A1B300FC322E /* ProcActModel.m */; };
		297A5AEC2047A26600FC322E /* ProcAtData.m in Sources */ = {isa = PBXBuildFile; fileRef = 297A5AEB2047A26600FC322E /* ProcAtData.m */; };
		297A5AEF2047A41500FC322E /* ProcAttachmentsModel.m in Sources */ = {isa = PBXBuildFile; fileRef = 297A5AEE2047A41500FC322E /* ProcAttachmentsModel.m */; };
		297A5AF22047A4BE00FC322E /* ProcLeaveDataModel.m in Sources */ = {isa = PBXBuildFile; fileRef = 297A5AF12047A4BE00FC322E /* ProcLeaveDataModel.m */; };
		29E8D3B0207315500089A5E9 /* ProcOfficeModel.m in Sources */ = {isa = PBXBuildFile; fileRef = 29E8D3AF207315500089A5E9 /* ProcOfficeModel.m */; };
		29E8D3B720734ED50089A5E9 /* NSDictionary+SafeValue.m in Sources */ = {isa = PBXBuildFile; fileRef = 29E8D3B620734ED50089A5E9 /* NSDictionary+SafeValue.m */; };
		29E8D3BA20735BCB0089A5E9 /* FormHeaderView.m in Sources */ = {isa = PBXBuildFile; fileRef = 29E8D3B920735BCB0089A5E9 /* FormHeaderView.m */; };
		29E8D3BD20735E160089A5E9 /* UIColor+moreColor.m in Sources */ = {isa = PBXBuildFile; fileRef = 29E8D3BC20735E160089A5E9 /* UIColor+moreColor.m */; };
		29E8D3C3207383FD0089A5E9 /* FormTextCell.m in Sources */ = {isa = PBXBuildFile; fileRef = 29E8D3C2207383FD0089A5E9 /* FormTextCell.m */; };
		29E8D3C52079C4320089A5E9 /* demo.json in Resources */ = {isa = PBXBuildFile; fileRef = 29E8D3C42079C4320089A5E9 /* demo.json */; };
		29E8D3C92079C4950089A5E9 /* CWHFormMainView.m in Sources */ = {isa = PBXBuildFile; fileRef = 29E8D3C82079C4950089A5E9 /* CWHFormMainView.m */; };
		29E8D3CC2079C7C80089A5E9 /* CWHFormCollectionViewCell.m in Sources */ = {isa = PBXBuildFile; fileRef = 29E8D3CB2079C7C80089A5E9 /* CWHFormCollectionViewCell.m */; };
		29E8D3CF2079E3710089A5E9 /* CWHFormDataSource.m in Sources */ = {isa = PBXBuildFile; fileRef = 29E8D3CE2079E3710089A5E9 /* CWHFormDataSource.m */; };
		29E8D3D22079E59B0089A5E9 /* CWHFormSections.m in Sources */ = {isa = PBXBuildFile; fileRef = 29E8D3D12079E59B0089A5E9 /* CWHFormSections.m */; };
		29E8D3D52079E5CF0089A5E9 /* CWHFormFields.m in Sources */ = {isa = PBXBuildFile; fileRef = 29E8D3D42079E5CF0089A5E9 /* CWHFormFields.m */; };
		29E8D3D82079E6580089A5E9 /* CWHFormRows.m in Sources */ = {isa = PBXBuildFile; fileRef = 29E8D3D72079E6580089A5E9 /* CWHFormRows.m */; };
		29E8D3DB2079EA1D0089A5E9 /* CWHFormModel.m in Sources */ = {isa = PBXBuildFile; fileRef = 29E8D3DA2079EA1D0089A5E9 /* CWHFormModel.m */; };
		29E8D3DE207A1B4E0089A5E9 /* CWHFormCutCollectionViewCell.m in Sources */ = {isa = PBXBuildFile; fileRef = 29E8D3DD207A1B4E0089A5E9 /* CWHFormCutCollectionViewCell.m */; };
		29EFB1F1204E9A5B00F0BD65 /* FormModules.m in Sources */ = {isa = PBXBuildFile; fileRef = 29EFB1F0204E9A5B00F0BD65 /* FormModules.m */; };
		29EFB2492051370600F0BD65 /* FormRows.m in Sources */ = {isa = PBXBuildFile; fileRef = 29EFB2482051370600F0BD65 /* FormRows.m */; };
		29EFB24C2051379900F0BD65 /* FormFields.m in Sources */ = {isa = PBXBuildFile; fileRef = 29EFB24B2051379900F0BD65 /* FormFields.m */; };
		29EFB24F2051387000F0BD65 /* FormSections.m in Sources */ = {isa = PBXBuildFile; fileRef = 29EFB24E2051387000F0BD65 /* FormSections.m */; };
		29EFB25220516D1700F0BD65 /* FromModel.m in Sources */ = {isa = PBXBuildFile; fileRef = 29EFB25120516D1700F0BD65 /* FromModel.m */; };
		29EFB258205174FF00F0BD65 /* FormDataSource.m in Sources */ = {isa = PBXBuildFile; fileRef = 29EFB257205174FF00F0BD65 /* FormDataSource.m */; };
		2D55AFEE56E09B6852FA0EB5 /* libPods-ProcessFormDemo.a in Frameworks */ = {isa = PBXBuildFile; fileRef = 3D630E4AC5379400966E423B /* libPods-ProcessFormDemo.a */; };
/* End PBXBuildFile section */

/* Begin PBXContainerItemProxy section */
		29780B172042B7A500A46348 /* PBXContainerItemProxy */ = {
			isa = PBXContainerItemProxy;
			containerPortal = 29780AF62042B7A500A46348 /* Project object */;
			proxyType = 1;
			remoteGlobalIDString = 29780AFD2042B7A500A46348;
			remoteInfo = ProcessFormDemo;
		};
		29780B222042B7A500A46348 /* PBXContainerItemProxy */ = {
			isa = PBXContainerItemProxy;
			containerPortal = 29780AF62042B7A500A46348 /* Project object */;
			proxyType = 1;
			remoteGlobalIDString = 29780AFD2042B7A500A46348;
			remoteInfo = ProcessFormDemo;
		};
/* End PBXContainerItemProxy section */

/* Begin PBXFileReference section */
		295477582071D4C30076A37C /* FormSingleTableViewCell.h */ = {isa = PBXFileReference; lastKnownFileType = sourcecode.c.h; path = FormSingleTableViewCell.h; sourceTree = "<group>"; };
		295477592071D4C30076A37C /* FormSingleTableViewCell.m */ = {isa = PBXFileReference; lastKnownFileType = sourcecode.c.objc; path = FormSingleTableViewCell.m; sourceTree = "<group>"; };
		2954775B2071D4DC0076A37C /* FormDoubleTableViewCell.h */ = {isa = PBXFileReference; lastKnownFileType = sourcecode.c.h; path = FormDoubleTableViewCell.h; sourceTree = "<group>"; };
		2954775C2071D4DC0076A37C /* FormDoubleTableViewCell.m */ = {isa = PBXFileReference; lastKnownFileType = sourcecode.c.objc; path = FormDoubleTableViewCell.m; sourceTree = "<group>"; };
		29780AFE2042B7A500A46348 /* ProcessFormDemo.app */ = {isa = PBXFileReference; explicitFileType = wrapper.application; includeInIndex = 0; path = ProcessFormDemo.app; sourceTree = BUILT_PRODUCTS_DIR; };
		29780B012042B7A500A46348 /* AppDelegate.h */ = {isa = PBXFileReference; lastKnownFileType = sourcecode.c.h; path = AppDelegate.h; sourceTree = "<group>"; };
		29780B022042B7A500A46348 /* AppDelegate.m */ = {isa = PBXFileReference; lastKnownFileType = sourcecode.c.objc; path = AppDelegate.m; sourceTree = "<group>"; };
		29780B042042B7A500A46348 /* ViewController.h */ = {isa = PBXFileReference; lastKnownFileType = sourcecode.c.h; path = ViewController.h; sourceTree = "<group>"; };
		29780B052042B7A500A46348 /* ViewController.m */ = {isa = PBXFileReference; lastKnownFileType = sourcecode.c.objc; path = ViewController.m; sourceTree = "<group>"; };
		29780B082042B7A500A46348 /* Base */ = {isa = PBXFileReference; lastKnownFileType = file.storyboard; name = Base; path = Base.lproj/Main.storyboard; sourceTree = "<group>"; };
		29780B0A2042B7A500A46348 /* Assets.xcassets */ = {isa = PBXFileReference; lastKnownFileType = folder.assetcatalog; path = Assets.xcassets; sourceTree = "<group>"; };
		29780B0D2042B7A500A46348 /* Base */ = {isa = PBXFileReference; lastKnownFileType = file.storyboard; name = Base; path = Base.lproj/LaunchScreen.storyboard; sourceTree = "<group>"; };
		29780B0F2042B7A500A46348 /* Info.plist */ = {isa = PBXFileReference; lastKnownFileType = text.plist.xml; path = Info.plist; sourceTree = "<group>"; };
		29780B102042B7A500A46348 /* main.m */ = {isa = PBXFileReference; lastKnownFileType = sourcecode.c.objc; path = main.m; sourceTree = "<group>"; };
		29780B162042B7A500A46348 /* ProcessFormDemoTests.xctest */ = {isa = PBXFileReference; explicitFileType = wrapper.cfbundle; includeInIndex = 0; path = ProcessFormDemoTests.xctest; sourceTree = BUILT_PRODUCTS_DIR; };
		29780B1A2042B7A500A46348 /* ProcessFormDemoTests.m */ = {isa = PBXFileReference; lastKnownFileType = sourcecode.c.objc; path = ProcessFormDemoTests.m; sourceTree = "<group>"; };
		29780B1C2042B7A500A46348 /* Info.plist */ = {isa = PBXFileReference; lastKnownFileType = text.plist.xml; path = Info.plist; sourceTree = "<group>"; };
		29780B212042B7A500A46348 /* ProcessFormDemoUITests.xctest */ = {isa = PBXFileReference; explicitFileType = wrapper.cfbundle; includeInIndex = 0; path = ProcessFormDemoUITests.xctest; sourceTree = BUILT_PRODUCTS_DIR; };
		29780B252042B7A500A46348 /* ProcessFormDemoUITests.m */ = {isa = PBXFileReference; lastKnownFileType = sourcecode.c.objc; path = ProcessFormDemoUITests.m; sourceTree = "<group>"; };
		29780B272042B7A500A46348 /* Info.plist */ = {isa = PBXFileReference; lastKnownFileType = text.plist.xml; path = Info.plist; sourceTree = "<group>"; };
		29780B362042B85F00A46348 /* DetailLabelView.h */ = {isa = PBXFileReference; lastKnownFileType = sourcecode.c.h; path = DetailLabelView.h; sourceTree = "<group>"; };
		29780B372042B85F00A46348 /* DetailLabelView.m */ = {isa = PBXFileReference; lastKnownFileType = sourcecode.c.objc; path = DetailLabelView.m; sourceTree = "<group>"; };
		297A5AC620467FC500FC322E /* FromTableView.h */ = {isa = PBXFileReference; lastKnownFileType = sourcecode.c.h; path = FromTableView.h; sourceTree = "<group>"; };
		297A5AC720467FC500FC322E /* FromTableView.m */ = {isa = PBXFileReference; lastKnownFileType = sourcecode.c.objc; path = FromTableView.m; sourceTree = "<group>"; };
		297A5AD920479BD900FC322E /* json.json */ = {isa = PBXFileReference; fileEncoding = 4; lastKnownFileType = text.json; path = json.json; sourceTree = "<group>"; };
		297A5ADA20479BD900FC322E /* processJson.json */ = {isa = PBXFileReference; fileEncoding = 4; lastKnownFileType = text.json; path = processJson.json; sourceTree = "<group>"; };
		297A5ADE20479DA300FC322E /* BaseEntity.h */ = {isa = PBXFileReference; lastKnownFileType = sourcecode.c.h; path = BaseEntity.h; sourceTree = "<group>"; };
		297A5ADF20479DA300FC322E /* BaseEntity.m */ = {isa = PBXFileReference; lastKnownFileType = sourcecode.c.objc; path = BaseEntity.m; sourceTree = "<group>"; };
		297A5AE12047A00000FC322E /* ProcessModel.h */ = {isa = PBXFileReference; lastKnownFileType = sourcecode.c.h; path = ProcessModel.h; sourceTree = "<group>"; };
		297A5AE22047A00000FC322E /* ProcessModel.m */ = {isa = PBXFileReference; lastKnownFileType = sourcecode.c.objc; path = ProcessModel.m; sourceTree = "<group>"; };
		297A5AE42047A0B000FC322E /* ProcUserModel.h */ = {isa = PBXFileReference; lastKnownFileType = sourcecode.c.h; path = ProcUserModel.h; sourceTree = "<group>"; };
		297A5AE52047A0B000FC322E /* ProcUserModel.m */ = {isa = PBXFileReference; lastKnownFileType = sourcecode.c.objc; path = ProcUserModel.m; sourceTree = "<group>"; };
		297A5AE72047A1B300FC322E /* ProcActModel.h */ = {isa = PBXFileReference; lastKnownFileType = sourcecode.c.h; path = ProcActModel.h; sourceTree = "<group>"; };
		297A5AE82047A1B300FC322E /* ProcActModel.m */ = {isa = PBXFileReference; lastKnownFileType = sourcecode.c.objc; path = ProcActModel.m; sourceTree = "<group>"; };
		297A5AEA2047A26600FC322E /* ProcAtData.h */ = {isa = PBXFileReference; lastKnownFileType = sourcecode.c.h; path = ProcAtData.h; sourceTree = "<group>"; };
		297A5AEB2047A26600FC322E /* ProcAtData.m */ = {isa = PBXFileReference; lastKnownFileType = sourcecode.c.objc; path = ProcAtData.m; sourceTree = "<group>"; };
		297A5AED2047A41500FC322E /* ProcAttachmentsModel.h */ = {isa = PBXFileReference; lastKnownFileType = sourcecode.c.h; path = ProcAttachmentsModel.h; sourceTree = "<group>"; };
		297A5AEE2047A41500FC322E /* ProcAttachmentsModel.m */ = {isa = PBXFileReference; lastKnownFileType = sourcecode.c.objc; path = ProcAttachmentsModel.m; sourceTree = "<group>"; };
		297A5AF02047A4BE00FC322E /* ProcLeaveDataModel.h */ = {isa = PBXFileReference; lastKnownFileType = sourcecode.c.h; path = ProcLeaveDataModel.h; sourceTree = "<group>"; };
		297A5AF12047A4BE00FC322E /* ProcLeaveDataModel.m */ = {isa = PBXFileReference; lastKnownFileType = sourcecode.c.objc; path = ProcLeaveDataModel.m; sourceTree = "<group>"; };
		29E8D3AE207315500089A5E9 /* ProcOfficeModel.h */ = {isa = PBXFileReference; lastKnownFileType = sourcecode.c.h; path = ProcOfficeModel.h; sourceTree = "<group>"; };
		29E8D3AF207315500089A5E9 /* ProcOfficeModel.m */ = {isa = PBXFileReference; lastKnownFileType = sourcecode.c.objc; path = ProcOfficeModel.m; sourceTree = "<group>"; };
		29E8D3B520734ED50089A5E9 /* NSDictionary+SafeValue.h */ = {isa = PBXFileReference; lastKnownFileType = sourcecode.c.h; path = "NSDictionary+SafeValue.h"; sourceTree = "<group>"; };
		29E8D3B620734ED50089A5E9 /* NSDictionary+SafeValue.m */ = {isa = PBXFileReference; lastKnownFileType = sourcecode.c.objc; path = "NSDictionary+SafeValue.m"; sourceTree = "<group>"; };
		29E8D3B820735BCB0089A5E9 /* FormHeaderView.h */ = {isa = PBXFileReference; lastKnownFileType = sourcecode.c.h; path = FormHeaderView.h; sourceTree = "<group>"; };
		29E8D3B920735BCB0089A5E9 /* FormHeaderView.m */ = {isa = PBXFileReference; lastKnownFileType = sourcecode.c.objc; path = FormHeaderView.m; sourceTree = "<group>"; };
		29E8D3BB20735E160089A5E9 /* UIColor+moreColor.h */ = {isa = PBXFileReference; lastKnownFileType = sourcecode.c.h; path = "UIColor+moreColor.h"; sourceTree = "<group>"; };
		29E8D3BC20735E160089A5E9 /* UIColor+moreColor.m */ = {isa = PBXFileReference; lastKnownFileType = sourcecode.c.objc; path = "UIColor+moreColor.m"; sourceTree = "<group>"; };
		29E8D3C1207383FD0089A5E9 /* FormTextCell.h */ = {isa = PBXFileReference; lastKnownFileType = sourcecode.c.h; path = FormTextCell.h; sourceTree = "<group>"; };
		29E8D3C2207383FD0089A5E9 /* FormTextCell.m */ = {isa = PBXFileReference; lastKnownFileType = sourcecode.c.objc; path = FormTextCell.m; sourceTree = "<group>"; };
		29E8D3C42079C4320089A5E9 /* demo.json */ = {isa = PBXFileReference; fileEncoding = 4; lastKnownFileType = text.json; path = demo.json; sourceTree = "<group>"; };
		29E8D3C72079C4950089A5E9 /* CWHFormMainView.h */ = {isa = PBXFileReference; lastKnownFileType = sourcecode.c.h; path = CWHFormMainView.h; sourceTree = "<group>"; };
		29E8D3C82079C4950089A5E9 /* CWHFormMainView.m */ = {isa = PBXFileReference; lastKnownFileType = sourcecode.c.objc; path = CWHFormMainView.m; sourceTree = "<group>"; };
		29E8D3CA2079C7C80089A5E9 /* CWHFormCollectionViewCell.h */ = {isa = PBXFileReference; lastKnownFileType = sourcecode.c.h; path = CWHFormCollectionViewCell.h; sourceTree = "<group>"; };
		29E8D3CB2079C7C80089A5E9 /* CWHFormCollectionViewCell.m */ = {isa = PBXFileReference; lastKnownFileType = sourcecode.c.objc; path = CWHFormCollectionViewCell.m; sourceTree = "<group>"; };
		29E8D3CD2079E3710089A5E9 /* CWHFormDataSource.h */ = {isa = PBXFileReference; lastKnownFileType = sourcecode.c.h; path = CWHFormDataSource.h; sourceTree = "<group>"; };
		29E8D3CE2079E3710089A5E9 /* CWHFormDataSource.m */ = {isa = PBXFileReference; lastKnownFileType = sourcecode.c.objc; path = CWHFormDataSource.m; sourceTree = "<group>"; };
		29E8D3D02079E59B0089A5E9 /* CWHFormSections.h */ = {isa = PBXFileReference; lastKnownFileType = sourcecode.c.h; path = CWHFormSections.h; sourceTree = "<group>"; };
		29E8D3D12079E59B0089A5E9 /* CWHFormSections.m */ = {isa = PBXFileReference; lastKnownFileType = sourcecode.c.objc; path = CWHFormSections.m; sourceTree = "<group>"; };
		29E8D3D32079E5CF0089A5E9 /* CWHFormFields.h */ = {isa = PBXFileReference; lastKnownFileType = sourcecode.c.h; path = CWHFormFields.h; sourceTree = "<group>"; };
		29E8D3D42079E5CF0089A5E9 /* CWHFormFields.m */ = {isa = PBXFileReference; lastKnownFileType = sourcecode.c.objc; path = CWHFormFields.m; sourceTree = "<group>"; };
		29E8D3D62079E6580089A5E9 /* CWHFormRows.h */ = {isa = PBXFileReference; lastKnownFileType = sourcecode.c.h; path = CWHFormRows.h; sourceTree = "<group>"; };
		29E8D3D72079E6580089A5E9 /* CWHFormRows.m */ = {isa = PBXFileReference; lastKnownFileType = sourcecode.c.objc; path = CWHFormRows.m; sourceTree = "<group>"; };
		29E8D3D92079EA1D0089A5E9 /* CWHFormModel.h */ = {isa = PBXFileReference; lastKnownFileType = sourcecode.c.h; path = CWHFormModel.h; sourceTree = "<group>"; };
		29E8D3DA2079EA1D0089A5E9 /* CWHFormModel.m */ = {isa = PBXFileReference; lastKnownFileType = sourcecode.c.objc; path = CWHFormModel.m; sourceTree = "<group>"; };
		29E8D3DC207A1B4E0089A5E9 /* CWHFormCutCollectionViewCell.h */ = {isa = PBXFileReference; lastKnownFileType = sourcecode.c.h; path = CWHFormCutCollectionViewCell.h; sourceTree = "<group>"; };
		29E8D3DD207A1B4E0089A5E9 /* CWHFormCutCollectionViewCell.m */ = {isa = PBXFileReference; lastKnownFileType = sourcecode.c.objc; path = CWHFormCutCollectionViewCell.m; sourceTree = "<group>"; };
		29EFB1EF204E9A5B00F0BD65 /* FormModules.h */ = {isa = PBXFileReference; lastKnownFileType = sourcecode.c.h; path = FormModules.h; sourceTree = "<group>"; };
		29EFB1F0204E9A5B00F0BD65 /* FormModules.m */ = {isa = PBXFileReference; lastKnownFileType = sourcecode.c.objc; path = FormModules.m; sourceTree = "<group>"; };
		29EFB2472051370600F0BD65 /* FormRows.h */ = {isa = PBXFileReference; lastKnownFileType = sourcecode.c.h; path = FormRows.h; sourceTree = "<group>"; };
		29EFB2482051370600F0BD65 /* FormRows.m */ = {isa = PBXFileReference; lastKnownFileType = sourcecode.c.objc; path = FormRows.m; sourceTree = "<group>"; };
		29EFB24A2051379900F0BD65 /* FormFields.h */ = {isa = PBXFileReference; lastKnownFileType = sourcecode.c.h; path = FormFields.h; sourceTree = "<group>"; };
		29EFB24B2051379900F0BD65 /* FormFields.m */ = {isa = PBXFileReference; lastKnownFileType = sourcecode.c.objc; path = FormFields.m; sourceTree = "<group>"; };
		29EFB24D2051387000F0BD65 /* FormSections.h */ = {isa = PBXFileReference; lastKnownFileType = sourcecode.c.h; path = FormSections.h; sourceTree = "<group>"; };
		29EFB24E2051387000F0BD65 /* FormSections.m */ = {isa = PBXFileReference; lastKnownFileType = sourcecode.c.objc; path = FormSections.m; sourceTree = "<group>"; };
		29EFB25020516D1700F0BD65 /* FromModel.h */ = {isa = PBXFileReference; lastKnownFileType = sourcecode.c.h; path = FromModel.h; sourceTree = "<group>"; };
		29EFB25120516D1700F0BD65 /* FromModel.m */ = {isa = PBXFileReference; lastKnownFileType = sourcecode.c.objc; path = FromModel.m; sourceTree = "<group>"; };
		29EFB256205174FF00F0BD65 /* FormDataSource.h */ = {isa = PBXFileReference; lastKnownFileType = sourcecode.c.h; path = FormDataSource.h; sourceTree = "<group>"; };
		29EFB257205174FF00F0BD65 /* FormDataSource.m */ = {isa = PBXFileReference; lastKnownFileType = sourcecode.c.objc; path = FormDataSource.m; sourceTree = "<group>"; };
		3D630E4AC5379400966E423B /* libPods-ProcessFormDemo.a */ = {isa = PBXFileReference; explicitFileType = archive.ar; includeInIndex = 0; path = "libPods-ProcessFormDemo.a"; sourceTree = BUILT_PRODUCTS_DIR; };
		5EB6BB8059AFDD3801E62BB5 /* Pods-ProcessFormDemo.release.xcconfig */ = {isa = PBXFileReference; includeInIndex = 1; lastKnownFileType = text.xcconfig; name = "Pods-ProcessFormDemo.release.xcconfig"; path = "Pods/Target Support Files/Pods-ProcessFormDemo/Pods-ProcessFormDemo.release.xcconfig"; sourceTree = "<group>"; };
		DD4FE2E37ABF932F39465B79 /* Pods-ProcessFormDemo.debug.xcconfig */ = {isa = PBXFileReference; includeInIndex = 1; lastKnownFileType = text.xcconfig; name = "Pods-ProcessFormDemo.debug.xcconfig"; path = "Pods/Target Support Files/Pods-ProcessFormDemo/Pods-ProcessFormDemo.debug.xcconfig"; sourceTree = "<group>"; };
/* End PBXFileReference section */

/* Begin PBXFrameworksBuildPhase section */
		29780AFB2042B7A500A46348 /* Frameworks */ = {
			isa = PBXFrameworksBuildPhase;
			buildActionMask = 2147483647;
			files = (
				2D55AFEE56E09B6852FA0EB5 /* libPods-ProcessFormDemo.a in Frameworks */,
			);
			runOnlyForDeploymentPostprocessing = 0;
		};
		29780B132042B7A500A46348 /* Frameworks */ = {
			isa = PBXFrameworksBuildPhase;
			buildActionMask = 2147483647;
			files = (
			);
			runOnlyForDeploymentPostprocessing = 0;
		};
		29780B1E2042B7A500A46348 /* Frameworks */ = {
			isa = PBXFrameworksBuildPhase;
			buildActionMask = 2147483647;
			files = (
			);
			runOnlyForDeploymentPostprocessing = 0;
		};
/* End PBXFrameworksBuildPhase section */

/* Begin PBXGroup section */
		1DA3D3C573A8D2C174A065EC /* Frameworks */ = {
			isa = PBXGroup;
			children = (
				3D630E4AC5379400966E423B /* libPods-ProcessFormDemo.a */,
			);
			name = Frameworks;
			sourceTree = "<group>";
		};
		29780AF52042B7A500A46348 = {
			isa = PBXGroup;
			children = (
				29780B002042B7A500A46348 /* ProcessFormDemo */,
				29780B192042B7A500A46348 /* ProcessFormDemoTests */,
				29780B242042B7A500A46348 /* ProcessFormDemoUITests */,
				29780AFF2042B7A500A46348 /* Products */,
				D627E15916CA97D03BFBFC40 /* Pods */,
				1DA3D3C573A8D2C174A065EC /* Frameworks */,
			);
			sourceTree = "<group>";
		};
		29780AFF2042B7A500A46348 /* Products */ = {
			isa = PBXGroup;
			children = (
				29780AFE2042B7A500A46348 /* ProcessFormDemo.app */,
				29780B162042B7A500A46348 /* ProcessFormDemoTests.xctest */,
				29780B212042B7A500A46348 /* ProcessFormDemoUITests.xctest */,
			);
			name = Products;
			sourceTree = "<group>";
		};
		29780B002042B7A500A46348 /* ProcessFormDemo */ = {
			isa = PBXGroup;
			children = (
				29780B012042B7A500A46348 /* AppDelegate.h */,
				29780B022042B7A500A46348 /* AppDelegate.m */,
				29780B042042B7A500A46348 /* ViewController.h */,
				29780B052042B7A500A46348 /* ViewController.m */,
				29E8D3C1207383FD0089A5E9 /* FormTextCell.h */,
				29E8D3C2207383FD0089A5E9 /* FormTextCell.m */,
				297A5AC620467FC500FC322E /* FromTableView.h */,
				297A5AC720467FC500FC322E /* FromTableView.m */,
				295477582071D4C30076A37C /* FormSingleTableViewCell.h */,
				295477592071D4C30076A37C /* FormSingleTableViewCell.m */,
				2954775B2071D4DC0076A37C /* FormDoubleTableViewCell.h */,
				2954775C2071D4DC0076A37C /* FormDoubleTableViewCell.m */,
				29E8D3B820735BCB0089A5E9 /* FormHeaderView.h */,
				29E8D3B920735BCB0089A5E9 /* FormHeaderView.m */,
				29E8D3B520734ED50089A5E9 /* NSDictionary+SafeValue.h */,
				29E8D3B620734ED50089A5E9 /* NSDictionary+SafeValue.m */,
				29E8D3BB20735E160089A5E9 /* UIColor+moreColor.h */,
				29E8D3BC20735E160089A5E9 /* UIColor+moreColor.m */,
				29E8D3C62079C4670089A5E9 /* CWHFormView */,
				29EFB1EE204E9A2E00F0BD65 /* FormModel */,
				297A5ADD20479D3A00FC322E /* model */,
				29780B362042B85F00A46348 /* DetailLabelView.h */,
				29780B372042B85F00A46348 /* DetailLabelView.m */,
				297A5AD820479B4900FC322E /* resource */,
				29780B072042B7A500A46348 /* Main.storyboard */,
				29780B0A2042B7A500A46348 /* Assets.xcassets */,
				29780B0C2042B7A500A46348 /* LaunchScreen.storyboard */,
				29780B0F2042B7A500A46348 /* Info.plist */,
				29780B102042B7A500A46348 /* main.m */,
			);
			path = ProcessFormDemo;
			sourceTree = "<group>";
		};
		29780B192042B7A500A46348 /* ProcessFormDemoTests */ = {
			isa = PBXGroup;
			children = (
				29780B1A2042B7A500A46348 /* ProcessFormDemoTests.m */,
				29780B1C2042B7A500A46348 /* Info.plist */,
			);
			path = ProcessFormDemoTests;
			sourceTree = "<group>";
		};
		29780B242042B7A500A46348 /* ProcessFormDemoUITests */ = {
			isa = PBXGroup;
			children = (
				29780B252042B7A500A46348 /* ProcessFormDemoUITests.m */,
				29780B272042B7A500A46348 /* Info.plist */,
			);
			path = ProcessFormDemoUITests;
			sourceTree = "<group>";
		};
		297A5AD820479B4900FC322E /* resource */ = {
			isa = PBXGroup;
			children = (
				29E8D3C42079C4320089A5E9 /* demo.json */,
				297A5AD920479BD900FC322E /* json.json */,
				297A5ADA20479BD900FC322E /* processJson.json */,
			);
			path = resource;
			sourceTree = "<group>";
		};
		297A5ADD20479D3A00FC322E /* model */ = {
			isa = PBXGroup;
			children = (
				297A5ADE20479DA300FC322E /* BaseEntity.h */,
				297A5ADF20479DA300FC322E /* BaseEntity.m */,
				297A5AE12047A00000FC322E /* ProcessModel.h */,
				297A5AE22047A00000FC322E /* ProcessModel.m */,
				297A5AE42047A0B000FC322E /* ProcUserModel.h */,
				297A5AE52047A0B000FC322E /* ProcUserModel.m */,
				297A5AE72047A1B300FC322E /* ProcActModel.h */,
				297A5AE82047A1B300FC322E /* ProcActModel.m */,
				297A5AEA2047A26600FC322E /* ProcAtData.h */,
				297A5AEB2047A26600FC322E /* ProcAtData.m */,
				297A5AED2047A41500FC322E /* ProcAttachmentsModel.h */,
				297A5AEE2047A41500FC322E /* ProcAttachmentsModel.m */,
				297A5AF02047A4BE00FC322E /* ProcLeaveDataModel.h */,
				297A5AF12047A4BE00FC322E /* ProcLeaveDataModel.m */,
				29E8D3AE207315500089A5E9 /* ProcOfficeModel.h */,
				29E8D3AF207315500089A5E9 /* ProcOfficeModel.m */,
			);
			path = model;
			sourceTree = "<group>";
		};
		29E8D3C62079C4670089A5E9 /* CWHFormView */ = {
			isa = PBXGroup;
			children = (
				29E8D3C72079C4950089A5E9 /* CWHFormMainView.h */,
				29E8D3C82079C4950089A5E9 /* CWHFormMainView.m */,
				29E8D3CA2079C7C80089A5E9 /* CWHFormCollectionViewCell.h */,
				29E8D3CB2079C7C80089A5E9 /* CWHFormCollectionViewCell.m */,
				29E8D3DC207A1B4E0089A5E9 /* CWHFormCutCollectionViewCell.h */,
				29E8D3DD207A1B4E0089A5E9 /* CWHFormCutCollectionViewCell.m */,
				29E8D3CD2079E3710089A5E9 /* CWHFormDataSource.h */,
				29E8D3CE2079E3710089A5E9 /* CWHFormDataSource.m */,
				29E8D3D92079EA1D0089A5E9 /* CWHFormModel.h */,
				29E8D3DA2079EA1D0089A5E9 /* CWHFormModel.m */,
				29E8D3D02079E59B0089A5E9 /* CWHFormSections.h */,
				29E8D3D12079E59B0089A5E9 /* CWHFormSections.m */,
				29E8D3D32079E5CF0089A5E9 /* CWHFormFields.h */,
				29E8D3D42079E5CF0089A5E9 /* CWHFormFields.m */,
				29E8D3D62079E6580089A5E9 /* CWHFormRows.h */,
				29E8D3D72079E6580089A5E9 /* CWHFormRows.m */,
			);
			path = CWHFormView;
			sourceTree = "<group>";
		};
		29EFB1EE204E9A2E00F0BD65 /* FormModel */ = {
			isa = PBXGroup;
			children = (
				29EFB1EF204E9A5B00F0BD65 /* FormModules.h */,
				29EFB1F0204E9A5B00F0BD65 /* FormModules.m */,
				29EFB2472051370600F0BD65 /* FormRows.h */,
				29EFB2482051370600F0BD65 /* FormRows.m */,
				29EFB24A2051379900F0BD65 /* FormFields.h */,
				29EFB24B2051379900F0BD65 /* FormFields.m */,
				29EFB24D2051387000F0BD65 /* FormSections.h */,
				29EFB24E2051387000F0BD65 /* FormSections.m */,
				29EFB25020516D1700F0BD65 /* FromModel.h */,
				29EFB25120516D1700F0BD65 /* FromModel.m */,
				29EFB256205174FF00F0BD65 /* FormDataSource.h */,
				29EFB257205174FF00F0BD65 /* FormDataSource.m */,
			);
			path = FormModel;
			sourceTree = "<group>";
		};
		D627E15916CA97D03BFBFC40 /* Pods */ = {
			isa = PBXGroup;
			children = (
				DD4FE2E37ABF932F39465B79 /* Pods-ProcessFormDemo.debug.xcconfig */,
				5EB6BB8059AFDD3801E62BB5 /* Pods-ProcessFormDemo.release.xcconfig */,
			);
			name = Pods;
			sourceTree = "<group>";
		};
/* End PBXGroup section */

/* Begin PBXNativeTarget section */
		29780AFD2042B7A500A46348 /* ProcessFormDemo */ = {
			isa = PBXNativeTarget;
			buildConfigurationList = 29780B2A2042B7A500A46348 /* Build configuration list for PBXNativeTarget "ProcessFormDemo" */;
			buildPhases = (
				51FB7EE3568F53CE8B7594DD /* [CP] Check Pods Manifest.lock */,
				29780AFA2042B7A500A46348 /* Sources */,
				29780AFB2042B7A500A46348 /* Frameworks */,
				29780AFC2042B7A500A46348 /* Resources */,
				7F2005FFFFD817F162517587 /* [CP] Embed Pods Frameworks */,
				B862191BA57E8CBF44F3DED9 /* [CP] Copy Pods Resources */,
			);
			buildRules = (
			);
			dependencies = (
			);
			name = ProcessFormDemo;
			productName = ProcessFormDemo;
			productReference = 29780AFE2042B7A500A46348 /* ProcessFormDemo.app */;
			productType = "com.apple.product-type.application";
		};
		29780B152042B7A500A46348 /* ProcessFormDemoTests */ = {
			isa = PBXNativeTarget;
			buildConfigurationList = 29780B2D2042B7A500A46348 /* Build configuration list for PBXNativeTarget "ProcessFormDemoTests" */;
			buildPhases = (
				29780B122042B7A500A46348 /* Sources */,
				29780B132042B7A500A46348 /* Frameworks */,
				29780B142042B7A500A46348 /* Resources */,
			);
			buildRules = (
			);
			dependencies = (
				29780B182042B7A500A46348 /* PBXTargetDependency */,
			);
			name = ProcessFormDemoTests;
			productName = ProcessFormDemoTests;
			productReference = 29780B162042B7A500A46348 /* ProcessFormDemoTests.xctest */;
			productType = "com.apple.product-type.bundle.unit-test";
		};
		29780B202042B7A500A46348 /* ProcessFormDemoUITests */ = {
			isa = PBXNativeTarget;
			buildConfigurationList = 29780B302042B7A500A46348 /* Build configuration list for PBXNativeTarget "ProcessFormDemoUITests" */;
			buildPhases = (
				29780B1D2042B7A500A46348 /* Sources */,
				29780B1E2042B7A500A46348 /* Frameworks */,
				29780B1F2042B7A500A46348 /* Resources */,
			);
			buildRules = (
			);
			dependencies = (
				29780B232042B7A500A46348 /* PBXTargetDependency */,
			);
			name = ProcessFormDemoUITests;
			productName = ProcessFormDemoUITests;
			productReference = 29780B212042B7A500A46348 /* ProcessFormDemoUITests.xctest */;
			productType = "com.apple.product-type.bundle.ui-testing";
		};
/* End PBXNativeTarget section */

/* Begin PBXProject section */
		29780AF62042B7A500A46348 /* Project object */ = {
			isa = PBXProject;
			attributes = {
				LastUpgradeCheck = 0920;
				ORGANIZATIONNAME = weihao;
				TargetAttributes = {
					29780AFD2042B7A500A46348 = {
						CreatedOnToolsVersion = 9.2;
						ProvisioningStyle = Automatic;
					};
					29780B152042B7A500A46348 = {
						CreatedOnToolsVersion = 9.2;
						ProvisioningStyle = Automatic;
						TestTargetID = 29780AFD2042B7A500A46348;
					};
					29780B202042B7A500A46348 = {
						CreatedOnToolsVersion = 9.2;
						ProvisioningStyle = Automatic;
						TestTargetID = 29780AFD2042B7A500A46348;
					};
				};
			};
			buildConfigurationList = 29780AF92042B7A500A46348 /* Build configuration list for PBXProject "ProcessFormDemo" */;
			compatibilityVersion = "Xcode 8.0";
			developmentRegion = en;
			hasScannedForEncodings = 0;
			knownRegions = (
				en,
				Base,
			);
			mainGroup = 29780AF52042B7A500A46348;
			productRefGroup = 29780AFF2042B7A500A46348 /* Products */;
			projectDirPath = "";
			projectRoot = "";
			targets = (
				29780AFD2042B7A500A46348 /* ProcessFormDemo */,
				29780B152042B7A500A46348 /* ProcessFormDemoTests */,
				29780B202042B7A500A46348 /* ProcessFormDemoUITests */,
			);
		};
/* End PBXProject section */

/* Begin PBXResourcesBuildPhase section */
		29780AFC2042B7A500A46348 /* Resources */ = {
			isa = PBXResourcesBuildPhase;
			buildActionMask = 2147483647;
			files = (
				29780B0E2042B7A500A46348 /* LaunchScreen.storyboard in Resources */,
				29780B0B2042B7A500A46348 /* Assets.xcassets in Resources */,
				297A5ADC20479BDA00FC322E /* processJson.json in Resources */,
				29780B092042B7A500A46348 /* Main.storyboard in Resources */,
				29E8D3C52079C4320089A5E9 /* demo.json in Resources */,
				297A5ADB20479BDA00FC322E /* json.json in Resources */,
			);
			runOnlyForDeploymentPostprocessing = 0;
		};
		29780B142042B7A500A46348 /* Resources */ = {
			isa = PBXResourcesBuildPhase;
			buildActionMask = 2147483647;
			files = (
			);
			runOnlyForDeploymentPostprocessing = 0;
		};
		29780B1F2042B7A500A46348 /* Resources */ = {
			isa = PBXResourcesBuildPhase;
			buildActionMask = 2147483647;
			files = (
			);
			runOnlyForDeploymentPostprocessing = 0;
		};
/* End PBXResourcesBuildPhase section */

/* Begin PBXShellScriptBuildPhase section */
		51FB7EE3568F53CE8B7594DD /* [CP] Check Pods Manifest.lock */ = {
			isa = PBXShellScriptBuildPhase;
			buildActionMask = 2147483647;
			files = (
			);
			inputPaths = (
				"${PODS_PODFILE_DIR_PATH}/Podfile.lock",
				"${PODS_ROOT}/Manifest.lock",
			);
			name = "[CP] Check Pods Manifest.lock";
			outputPaths = (
				"$(DERIVED_FILE_DIR)/Pods-ProcessFormDemo-checkManifestLockResult.txt",
			);
			runOnlyForDeploymentPostprocessing = 0;
			shellPath = /bin/sh;
			shellScript = "diff \"${PODS_PODFILE_DIR_PATH}/Podfile.lock\" \"${PODS_ROOT}/Manifest.lock\" > /dev/null\nif [ $? != 0 ] ; then\n    # print error to STDERR\n    echo \"error: The sandbox is not in sync with the Podfile.lock. Run 'pod install' or update your CocoaPods installation.\" >&2\n    exit 1\nfi\n# This output is used by Xcode 'outputs' to avoid re-running this script phase.\necho \"SUCCESS\" > \"${SCRIPT_OUTPUT_FILE_0}\"\n";
			showEnvVarsInLog = 0;
		};
		7F2005FFFFD817F162517587 /* [CP] Embed Pods Frameworks */ = {
			isa = PBXShellScriptBuildPhase;
			buildActionMask = 2147483647;
			files = (
			);
			inputPaths = (
			);
			name = "[CP] Embed Pods Frameworks";
			outputPaths = (
			);
			runOnlyForDeploymentPostprocessing = 0;
			shellPath = /bin/sh;
			shellScript = "\"${SRCROOT}/Pods/Target Support Files/Pods-ProcessFormDemo/Pods-ProcessFormDemo-frameworks.sh\"\n";
			showEnvVarsInLog = 0;
		};
		B862191BA57E8CBF44F3DED9 /* [CP] Copy Pods Resources */ = {
			isa = PBXShellScriptBuildPhase;
			buildActionMask = 2147483647;
			files = (
			);
			inputPaths = (
			);
			name = "[CP] Copy Pods Resources";
			outputPaths = (
			);
			runOnlyForDeploymentPostprocessing = 0;
			shellPath = /bin/sh;
			shellScript = "\"${SRCROOT}/Pods/Target Support Files/Pods-ProcessFormDemo/Pods-ProcessFormDemo-resources.sh\"\n";
			showEnvVarsInLog = 0;
		};
/* End PBXShellScriptBuildPhase section */

/* Begin PBXSourcesBuildPhase section */
		29780AFA2042B7A500A46348 /* Sources */ = {
			isa = PBXSourcesBuildPhase;
			buildActionMask = 2147483647;
			files = (
				29780B062042B7A500A46348 /* ViewController.m in Sources */,
				29780B112042B7A500A46348 /* main.m in Sources */,
				29EFB24F2051387000F0BD65 /* FormSections.m in Sources */,
				2954775A2071D4C30076A37C /* FormSingleTableViewCell.m in Sources */,
				29EFB1F1204E9A5B00F0BD65 /* FormModules.m in Sources */,
				29780B032042B7A500A46348 /* AppDelegate.m in Sources */,
				297A5AE020479DA300FC322E /* BaseEntity.m in Sources */,
				297A5AE32047A00000FC322E /* ProcessModel.m in Sources */,
				29E8D3D22079E59B0089A5E9 /* CWHFormSections.m in Sources */,
				29780B382042B85F00A46348 /* DetailLabelView.m in Sources */,
				29E8D3DE207A1B4E0089A5E9 /* CWHFormCutCollectionViewCell.m in Sources */,
				29E8D3B720734ED50089A5E9 /* NSDictionary+SafeValue.m in Sources */,
				29E8D3C3207383FD0089A5E9 /* FormTextCell.m in Sources */,
				297A5AEC2047A26600FC322E /* ProcAtData.m in Sources */,
				29EFB24C2051379900F0BD65 /* FormFields.m in Sources */,
				29EFB2492051370600F0BD65 /* FormRows.m in Sources */,
				297A5AEF2047A41500FC322E /* ProcAttachmentsModel.m in Sources */,
				29E8D3DB2079EA1D0089A5E9 /* CWHFormModel.m in Sources */,
				29E8D3CF2079E3710089A5E9 /* CWHFormDataSource.m in Sources */,
				29EFB258205174FF00F0BD65 /* FormDataSource.m in Sources */,
				29E8D3B0207315500089A5E9 /* ProcOfficeModel.m in Sources */,
				29E8D3BD20735E160089A5E9 /* UIColor+moreColor.m in Sources */,
				29E8D3C92079C4950089A5E9 /* CWHFormMainView.m in Sources */,
				29E8D3D52079E5CF0089A5E9 /* CWHFormFields.m in Sources */,
				29EFB25220516D1700F0BD65 /* FromModel.m in Sources */,
				29E8D3CC2079C7C80089A5E9 /* CWHFormCollectionViewCell.m in Sources */,
				297A5AE62047A0B000FC322E /* ProcUserModel.m in Sources */,
				29E8D3D82079E6580089A5E9 /* CWHFormRows.m in Sources */,
				2954775D2071D4DC0076A37C /* FormDoubleTableViewCell.m in Sources */,
				297A5AF22047A4BE00FC322E /* ProcLeaveDataModel.m in Sources */,
				297A5AC820467FC500FC322E /* FromTableView.m in Sources */,
				29E8D3BA20735BCB0089A5E9 /* FormHeaderView.m in Sources */,
				297A5AE92047A1B300FC322E /* ProcActModel.m in Sources */,
			);
			runOnlyForDeploymentPostprocessing = 0;
		};
		29780B122042B7A500A46348 /* Sources */ = {
			isa = PBXSourcesBuildPhase;
			buildActionMask = 2147483647;
			files = (
				29780B1B2042B7A500A46348 /* ProcessFormDemoTests.m in Sources */,
			);
			runOnlyForDeploymentPostprocessing = 0;
		};
		29780B1D2042B7A500A46348 /* Sources */ = {
			isa = PBXSourcesBuildPhase;
			buildActionMask = 2147483647;
			files = (
				29780B262042B7A500A46348 /* ProcessFormDemoUITests.m in Sources */,
			);
			runOnlyForDeploymentPostprocessing = 0;
		};
/* End PBXSourcesBuildPhase section */

/* Begin PBXTargetDependency section */
		29780B182042B7A500A46348 /* PBXTargetDependency */ = {
			isa = PBXTargetDependency;
			target = 29780AFD2042B7A500A46348 /* ProcessFormDemo */;
			targetProxy = 29780B172042B7A500A46348 /* PBXContainerItemProxy */;
		};
		29780B232042B7A500A46348 /* PBXTargetDependency */ = {
			isa = PBXTargetDependency;
			target = 29780AFD2042B7A500A46348 /* ProcessFormDemo */;
			targetProxy = 29780B222042B7A500A46348 /* PBXContainerItemProxy */;
		};
/* End PBXTargetDependency section */

/* Begin PBXVariantGroup section */
		29780B072042B7A500A46348 /* Main.storyboard */ = {
			isa = PBXVariantGroup;
			children = (
				29780B082042B7A500A46348 /* Base */,
			);
			name = Main.storyboard;
			sourceTree = "<group>";
		};
		29780B0C2042B7A500A46348 /* LaunchScreen.storyboard */ = {
			isa = PBXVariantGroup;
			children = (
				29780B0D2042B7A500A46348 /* Base */,
			);
			name = LaunchScreen.storyboard;
			sourceTree = "<group>";
		};
/* End PBXVariantGroup section */

/* Begin XCBuildConfiguration section */
		29780B282042B7A500A46348 /* Debug */ = {
			isa = XCBuildConfiguration;
			buildSettings = {
				ALWAYS_SEARCH_USER_PATHS = NO;
				CLANG_ANALYZER_NONNULL = YES;
				CLANG_ANALYZER_NUMBER_OBJECT_CONVERSION = YES_AGGRESSIVE;
				CLANG_CXX_LANGUAGE_STANDARD = "gnu++14";
				CLANG_CXX_LIBRARY = "libc++";
				CLANG_ENABLE_MODULES = YES;
				CLANG_ENABLE_OBJC_ARC = YES;
				CLANG_WARN_BLOCK_CAPTURE_AUTORELEASING = YES;
				CLANG_WARN_BOOL_CONVERSION = YES;
				CLANG_WARN_COMMA = YES;
				CLANG_WARN_CONSTANT_CONVERSION = YES;
				CLANG_WARN_DIRECT_OBJC_ISA_USAGE = YES_ERROR;
				CLANG_WARN_DOCUMENTATION_COMMENTS = YES;
				CLANG_WARN_EMPTY_BODY = YES;
				CLANG_WARN_ENUM_CONVERSION = YES;
				CLANG_WARN_INFINITE_RECURSION = YES;
				CLANG_WARN_INT_CONVERSION = YES;
				CLANG_WARN_NON_LITERAL_NULL_CONVERSION = YES;
				CLANG_WARN_OBJC_LITERAL_CONVERSION = YES;
				CLANG_WARN_OBJC_ROOT_CLASS = YES_ERROR;
				CLANG_WARN_RANGE_LOOP_ANALYSIS = YES;
				CLANG_WARN_STRICT_PROTOTYPES = YES;
				CLANG_WARN_SUSPICIOUS_MOVE = YES;
				CLANG_WARN_UNGUARDED_AVAILABILITY = YES_AGGRESSIVE;
				CLANG_WARN_UNREACHABLE_CODE = YES;
				CLANG_WARN__DUPLICATE_METHOD_MATCH = YES;
				CODE_SIGN_IDENTITY = "iPhone Developer";
				COPY_PHASE_STRIP = NO;
				DEBUG_INFORMATION_FORMAT = dwarf;
				ENABLE_STRICT_OBJC_MSGSEND = YES;
				ENABLE_TESTABILITY = YES;
				GCC_C_LANGUAGE_STANDARD = gnu11;
				GCC_DYNAMIC_NO_PIC = NO;
				GCC_NO_COMMON_BLOCKS = YES;
				GCC_OPTIMIZATION_LEVEL = 0;
				GCC_PREPROCESSOR_DEFINITIONS = (
					"DEBUG=1",
					"$(inherited)",
				);
				GCC_WARN_64_TO_32_BIT_CONVERSION = YES;
				GCC_WARN_ABOUT_RETURN_TYPE = YES_ERROR;
				GCC_WARN_UNDECLARED_SELECTOR = YES;
				GCC_WARN_UNINITIALIZED_AUTOS = YES_AGGRESSIVE;
				GCC_WARN_UNUSED_FUNCTION = YES;
				GCC_WARN_UNUSED_VARIABLE = YES;
				IPHONEOS_DEPLOYMENT_TARGET = 11.2;
				MTL_ENABLE_DEBUG_INFO = YES;
				ONLY_ACTIVE_ARCH = YES;
				SDKROOT = iphoneos;
			};
			name = Debug;
		};
		29780B292042B7A500A46348 /* Release */ = {
			isa = XCBuildConfiguration;
			buildSettings = {
				ALWAYS_SEARCH_USER_PATHS = NO;
				CLANG_ANALYZER_NONNULL = YES;
				CLANG_ANALYZER_NUMBER_OBJECT_CONVERSION = YES_AGGRESSIVE;
				CLANG_CXX_LANGUAGE_STANDARD = "gnu++14";
				CLANG_CXX_LIBRARY = "libc++";
				CLANG_ENABLE_MODULES = YES;
				CLANG_ENABLE_OBJC_ARC = YES;
				CLANG_WARN_BLOCK_CAPTURE_AUTORELEASING = YES;
				CLANG_WARN_BOOL_CONVERSION = YES;
				CLANG_WARN_COMMA = YES;
				CLANG_WARN_CONSTANT_CONVERSION = YES;
				CLANG_WARN_DIRECT_OBJC_ISA_USAGE = YES_ERROR;
				CLANG_WARN_DOCUMENTATION_COMMENTS = YES;
				CLANG_WARN_EMPTY_BODY = YES;
				CLANG_WARN_ENUM_CONVERSION = YES;
				CLANG_WARN_INFINITE_RECURSION = YES;
				CLANG_WARN_INT_CONVERSION = YES;
				CLANG_WARN_NON_LITERAL_NULL_CONVERSION = YES;
				CLANG_WARN_OBJC_LITERAL_CONVERSION = YES;
				CLANG_WARN_OBJC_ROOT_CLASS = YES_ERROR;
				CLANG_WARN_RANGE_LOOP_ANALYSIS = YES;
				CLANG_WARN_STRICT_PROTOTYPES = YES;
				CLANG_WARN_SUSPICIOUS_MOVE = YES;
				CLANG_WARN_UNGUARDED_AVAILABILITY = YES_AGGRESSIVE;
				CLANG_WARN_UNREACHABLE_CODE = YES;
				CLANG_WARN__DUPLICATE_METHOD_MATCH = YES;
				CODE_SIGN_IDENTITY = "iPhone Developer";
				COPY_PHASE_STRIP = NO;
				DEBUG_INFORMATION_FORMAT = "dwarf-with-dsym";
				ENABLE_NS_ASSERTIONS = NO;
				ENABLE_STRICT_OBJC_MSGSEND = YES;
				GCC_C_LANGUAGE_STANDARD = gnu11;
				GCC_NO_COMMON_BLOCKS = YES;
				GCC_WARN_64_TO_32_BIT_CONVERSION = YES;
				GCC_WARN_ABOUT_RETURN_TYPE = YES_ERROR;
				GCC_WARN_UNDECLARED_SELECTOR = YES;
				GCC_WARN_UNINITIALIZED_AUTOS = YES_AGGRESSIVE;
				GCC_WARN_UNUSED_FUNCTION = YES;
				GCC_WARN_UNUSED_VARIABLE = YES;
				IPHONEOS_DEPLOYMENT_TARGET = 11.2;
				MTL_ENABLE_DEBUG_INFO = NO;
				SDKROOT = iphoneos;
				VALIDATE_PRODUCT = YES;
			};
			name = Release;
		};
		29780B2B2042B7A500A46348 /* Debug */ = {
			isa = XCBuildConfiguration;
			baseConfigurationReference = DD4FE2E37ABF932F39465B79 /* Pods-ProcessFormDemo.debug.xcconfig */;
			buildSettings = {
				ASSETCATALOG_COMPILER_APPICON_NAME = AppIcon;
				CODE_SIGN_STYLE = Automatic;
				INFOPLIST_FILE = ProcessFormDemo/Info.plist;
				IPHONEOS_DEPLOYMENT_TARGET = 10.0;
				LD_RUNPATH_SEARCH_PATHS = "$(inherited) @executable_path/Frameworks";
				PRODUCT_BUNDLE_IDENTIFIER = weihao.chen.ProcessFormDemo;
				PRODUCT_NAME = "$(TARGET_NAME)";
				TARGETED_DEVICE_FAMILY = "1,2";
			};
			name = Debug;
		};
		29780B2C2042B7A500A46348 /* Release */ = {
			isa = XCBuildConfiguration;
			baseConfigurationReference = 5EB6BB8059AFDD3801E62BB5 /* Pods-ProcessFormDemo.release.xcconfig */;
			buildSettings = {
				ASSETCATALOG_COMPILER_APPICON_NAME = AppIcon;
				CODE_SIGN_STYLE = Automatic;
				INFOPLIST_FILE = ProcessFormDemo/Info.plist;
				IPHONEOS_DEPLOYMENT_TARGET = 10.0;
				LD_RUNPATH_SEARCH_PATHS = "$(inherited) @executable_path/Frameworks";
				PRODUCT_BUNDLE_IDENTIFIER = weihao.chen.ProcessFormDemo;
				PRODUCT_NAME = "$(TARGET_NAME)";
				TARGETED_DEVICE_FAMILY = "1,2";
			};
			name = Release;
		};
		29780B2E2042B7A500A46348 /* Debug */ = {
			isa = XCBuildConfiguration;
			buildSettings = {
				BUNDLE_LOADER = "$(TEST_HOST)";
				CODE_SIGN_STYLE = Automatic;
				INFOPLIST_FILE = ProcessFormDemoTests/Info.plist;
				LD_RUNPATH_SEARCH_PATHS = "$(inherited) @executable_path/Frameworks @loader_path/Frameworks";
				PRODUCT_BUNDLE_IDENTIFIER = weihao.chen.ProcessFormDemoTests;
				PRODUCT_NAME = "$(TARGET_NAME)";
				TARGETED_DEVICE_FAMILY = "1,2";
				TEST_HOST = "$(BUILT_PRODUCTS_DIR)/ProcessFormDemo.app/ProcessFormDemo";
			};
			name = Debug;
		};
		29780B2F2042B7A500A46348 /* Release */ = {
			isa = XCBuildConfiguration;
			buildSettings = {
				BUNDLE_LOADER = "$(TEST_HOST)";
				CODE_SIGN_STYLE = Automatic;
				INFOPLIST_FILE = ProcessFormDemoTests/Info.plist;
				LD_RUNPATH_SEARCH_PATHS = "$(inherited) @executable_path/Frameworks @loader_path/Frameworks";
				PRODUCT_BUNDLE_IDENTIFIER = weihao.chen.ProcessFormDemoTests;
				PRODUCT_NAME = "$(TARGET_NAME)";
				TARGETED_DEVICE_FAMILY = "1,2";
				TEST_HOST = "$(BUILT_PRODUCTS_DIR)/ProcessFormDemo.app/ProcessFormDemo";
			};
			name = Release;
		};
		29780B312042B7A500A46348 /* Debug */ = {
			isa = XCBuildConfiguration;
			buildSettings = {
				CODE_SIGN_STYLE = Automatic;
				INFOPLIST_FILE = ProcessFormDemoUITests/Info.plist;
				LD_RUNPATH_SEARCH_PATHS = "$(inherited) @executable_path/Frameworks @loader_path/Frameworks";
				PRODUCT_BUNDLE_IDENTIFIER = weihao.chen.ProcessFormDemoUITests;
				PRODUCT_NAME = "$(TARGET_NAME)";
				TARGETED_DEVICE_FAMILY = "1,2";
				TEST_TARGET_NAME = ProcessFormDemo;
			};
			name = Debug;
		};
		29780B322042B7A500A46348 /* Release */ = {
			isa = XCBuildConfiguration;
			buildSettings = {
				CODE_SIGN_STYLE = Automatic;
				INFOPLIST_FILE = ProcessFormDemoUITests/Info.plist;
				LD_RUNPATH_SEARCH_PATHS = "$(inherited) @executable_path/Frameworks @loader_path/Frameworks";
				PRODUCT_BUNDLE_IDENTIFIER = weihao.chen.ProcessFormDemoUITests;
				PRODUCT_NAME = "$(TARGET_NAME)";
				TARGETED_DEVICE_FAMILY = "1,2";
				TEST_TARGET_NAME = ProcessFormDemo;
			};
			name = Release;
		};
/* End XCBuildConfiguration section */

/* Begin XCConfigurationList section */
		29780AF92042B7A500A46348 /* Build configuration list for PBXProject "ProcessFormDemo" */ = {
			isa = XCConfigurationList;
			buildConfigurations = (
				29780B282042B7A500A46348 /* Debug */,
				29780B292042B7A500A46348 /* Release */,
			);
			defaultConfigurationIsVisible = 0;
			defaultConfigurationName = Release;
		};
		29780B2A2042B7A500A46348 /* Build configuration list for PBXNativeTarget "ProcessFormDemo" */ = {
			isa = XCConfigurationList;
			buildConfigurations = (
				29780B2B2042B7A500A46348 /* Debug */,
				29780B2C2042B7A500A46348 /* Release */,
			);
			defaultConfigurationIsVisible = 0;
			defaultConfigurationName = Release;
		};
		29780B2D2042B7A500A46348 /* Build configuration list for PBXNativeTarget "ProcessFormDemoTests" */ = {
			isa = XCConfigurationList;
			buildConfigurations = (
				29780B2E2042B7A500A46348 /* Debug */,
				29780B2F2042B7A500A46348 /* Release */,
			);
			defaultConfigurationIsVisible = 0;
			defaultConfigurationName = Release;
		};
		29780B302042B7A500A46348 /* Build configuration list for PBXNativeTarget "ProcessFormDemoUITests" */ = {
			isa = XCConfigurationList;
			buildConfigurations = (
				29780B312042B7A500A46348 /* Debug */,
				29780B322042B7A500A46348 /* Release */,
			);
			defaultConfigurationIsVisible = 0;
			defaultConfigurationName = Release;
		};
/* End XCConfigurationList section */
	};
	rootObject = 29780AF62042B7A500A46348 /* Project object */;
}
